
Microsoft Visual Studio Solution File, Format Version 12.00
# Visual Studio 2013
VisualStudioVersion = 12.0.31101.0
MinimumVisualStudioVersion = 10.0.40219.1
Project("{FAE04EC0-301F-11D3-BF4B-00C04F79EFBC}") = "NetVOD", "NetVOD\NetVOD.csproj", "{763AD476-4AD6-4D01-9319-87C40F64BE72}"
EndProject
Project("{FAE04EC0-301F-11D3-BF4B-00C04F79EFBC}") = "NetFramework", "NetFramework\NetFramework.csproj", "{9FBD2B7C-6868-4787-9D20-AAAE361A1F3A}"
EndProject
Project("{FAE04EC0-301F-11D3-BF4B-00C04F79EFBC}") = "VODClient", "VODClient\VODClient.csproj", "{8F7082FB-FBB6-44AA-AB07-DC8BAF6F1FB0}"
EndProject
Project("{FAE04EC0-301F-11D3-BF4B-00C04F79EFBC}") = "Common", "Common\Common.csproj", "{55DE0FAF-5D73-43E2-94B3-A281FDB2F129}"
EndProject
Project("{FAE04EC0-301F-11D3-BF4B-00C04F79EFBC}") = "ConsoleDebug", "ConsoleDebug\ConsoleDebug.csproj", "{B68B0A40-21B8-4D66-B463-C27ACEA6388F}"
EndProject
Global
	GlobalSection(SolutionConfigurationPlatforms) = preSolution
		Debug|Any CPU = Debug|Any CPU
		Release|Any CPU = Release|Any CPU
	EndGlobalSection
	GlobalSection(ProjectConfigurationPlatforms) = postSolution
		{763AD476-4AD6-4D01-9319-87C40F64BE72}.Debug|Any CPU.ActiveCfg = Debug|Any CPU
		{763AD476-4AD6-4D01-9319-87C40F64BE72}.Debug|Any CPU.Build.0 = Debug|Any CPU
		{763AD476-4AD6-4D01-9319-87C40F64BE72}.Release|Any CPU.ActiveCfg = Release|Any CPU
		{763AD476-4AD6-4D01-9319-87C40F64BE72}.Release|Any CPU.Build.0 = Release|Any CPU
		{9FBD2B7C-6868-4787-9D20-AAAE361A1F3A}.Debug|Any CPU.ActiveCfg = Debug|Any CPU
		{9FBD2B7C-6868-4787-9D20-AAAE361A1F3A}.Debug|Any CPU.Build.0 = Debug|Any CPU
		{9FBD2B7C-6868-4787-9D20-AAAE361A1F3A}.Release|Any CPU.ActiveCfg = Release|Any CPU
		{9FBD2B7C-6868-4787-9D20-AAAE361A1F3A}.Release|Any CPU.Build.0 = Release|Any CPU
		{8F7082FB-FBB6-44AA-AB07-DC8BAF6F1FB0}.Debug|Any CPU.ActiveCfg = Debug|Any CPU
		{8F7082FB-FBB6-44AA-AB07-DC8BAF6F1FB0}.Debug|Any CPU.Build.0 = Debug|Any CPU
		{8F7082FB-FBB6-44AA-AB07-DC8BAF6F1FB0}.Release|Any CPU.ActiveCfg = Release|Any CPU
		{8F7082FB-FBB6-44AA-AB07-DC8BAF6F1FB0}.Release|Any CPU.Build.0 = Release|Any CPU
		{55DE0FAF-5D73-43E2-94B3-A281FDB2F129}.Debug|Any CPU.ActiveCfg = Debug|Any CPU
		{55DE0FAF-5D73-43E2-94B3-A281FDB2F129}.Debug|Any CPU.Build.0 = Debug|Any CPU
		{55DE0FAF-5D73-43E2-94B3-A281FDB2F129}.Release|Any CPU.ActiveCfg = Release|Any CPU
		{55DE0FAF-5D73-43E2-94B3-A281FDB2F129}.Release|Any CPU.Build.0 = Release|Any CPU
		{B68B0A40-21B8-4D66-B463-C27ACEA6388F}.Debug|Any CPU.ActiveCfg = Debug|Any CPU
		{B68B0A40-21B8-4D66-B463-C27ACEA6388F}.Debug|Any CPU.Build.0 = Debug|Any CPU
		{B68B0A40-21B8-4D66-B463-C27ACEA6388F}.Release|Any CPU.ActiveCfg = Release|Any CPU
		{B68B0A40-21B8-4D66-B463-C27ACEA6388F}.Release|Any CPU.Build.0 = Release|Any CPU
	EndGlobalSection
	GlobalSection(SolutionProperties) = preSolution
		HideSolutionNode = FALSE
	EndGlobalSection
EndGlobal
